
Microsoft Visual Studio Solution File, Format Version 12.00
# Visual Studio Version 16
VisualStudioVersion = 16.0.30621.155
MinimumVisualStudioVersion = 10.0.40219.1
Project("{9A19103F-16F7-4668-BE54-9A1E7A4F7556}") = "DemoAPI", "DemoAPI\DemoAPI.csproj", "{32FCB5DB-AFFB-44F2-AF3C-7596EBD6AE36}"
EndProject
Project("{FAE04EC0-301F-11D3-BF4B-00C04F79EFBC}") = "Demo.DAL.Implement", "Demo.DAL.Implement\Demo.DAL.Implement.csproj", "{6841D5A7-A5BE-4EBD-AB85-7A808B47ED04}"
EndProject
Project("{FAE04EC0-301F-11D3-BF4B-00C04F79EFBC}") = "Demo.DAL.Interface", "Demo.DAL.Interface\Demo.DAL.Interface.csproj", "{A396563E-AC40-4470-8940-6842934D7660}"
EndProject
Project("{FAE04EC0-301F-11D3-BF4B-00C04F79EFBC}") = "Demo.Domain", "Demo.Domain\Demo.Domain.csproj", "{370E88EF-39A8-4065-AC98-E77B321FE218}"
EndProject
Global
	GlobalSection(SolutionConfigurationPlatforms) = preSolution
		Debug|Any CPU = Debug|Any CPU
		Release|Any CPU = Release|Any CPU
	EndGlobalSection
	GlobalSection(ProjectConfigurationPlatforms) = postSolution
		{32FCB5DB-AFFB-44F2-AF3C-7596EBD6AE36}.Debug|Any CPU.ActiveCfg = Debug|Any CPU
		{32FCB5DB-AFFB-44F2-AF3C-7596EBD6AE36}.Debug|Any CPU.Build.0 = Debug|Any CPU
		{32FCB5DB-AFFB-44F2-AF3C-7596EBD6AE36}.Release|Any CPU.ActiveCfg = Release|Any CPU
		{32FCB5DB-AFFB-44F2-AF3C-7596EBD6AE36}.Release|Any CPU.Build.0 = Release|Any CPU
		{6841D5A7-A5BE-4EBD-AB85-7A808B47ED04}.Debug|Any CPU.ActiveCfg = Debug|Any CPU
		{6841D5A7-A5BE-4EBD-AB85-7A808B47ED04}.Debug|Any CPU.Build.0 = Debug|Any CPU
		{6841D5A7-A5BE-4EBD-AB85-7A808B47ED04}.Release|Any CPU.ActiveCfg = Release|Any CPU
		{6841D5A7-A5BE-4EBD-AB85-7A808B47ED04}.Release|Any CPU.Build.0 = Release|Any CPU
		{A396563E-AC40-4470-8940-6842934D7660}.Debug|Any CPU.ActiveCfg = Debug|Any CPU
		{A396563E-AC40-4470-8940-6842934D7660}.Debug|Any CPU.Build.0 = Debug|Any CPU
		{A396563E-AC40-4470-8940-6842934D7660}.Release|Any CPU.ActiveCfg = Release|Any CPU
		{A396563E-AC40-4470-8940-6842934D7660}.Release|Any CPU.Build.0 = Release|Any CPU
		{370E88EF-39A8-4065-AC98-E77B321FE218}.Debug|Any CPU.ActiveCfg = Debug|Any CPU
		{370E88EF-39A8-4065-AC98-E77B321FE218}.Debug|Any CPU.Build.0 = Debug|Any CPU
		{370E88EF-39A8-4065-AC98-E77B321FE218}.Release|Any CPU.ActiveCfg = Release|Any CPU
		{370E88EF-39A8-4065-AC98-E77B321FE218}.Release|Any CPU.Build.0 = Release|Any CPU
	EndGlobalSection
	GlobalSection(SolutionProperties) = preSolution
		HideSolutionNode = FALSE
	EndGlobalSection
	GlobalSection(ExtensibilityGlobals) = postSolution
		SolutionGuid = {80880FEA-BEB2-424A-B748-1F194443BC3F}
	EndGlobalSection
EndGlobal
